# This file is automatically @generated by Cargo.
# It is not intended for manual editing.
version = 3

[[package]]
name = "actuator"
version = "0.1.0"

[[package]]
name = "controller"
version = "0.1.0"
dependencies = [
 "datum",
]

[[package]]
name = "datum"
version = "0.1.0"

[[package]]
name = "demo"
version = "0.1.0"
dependencies = [
 "actuator",
 "controller",
 "environment",
 "sensor",
]

[[package]]
name = "environment"
version = "0.1.0"
dependencies = [
 "datum",
]

[[package]]
name = "sensor"
version = "0.1.0"
dependencies = [
 "datum",
]
